
Microsoft Visual Studio Solution File, Format Version 12.00
# Visual Studio Version 17
VisualStudioVersion = 17.3.32901.215
MinimumVisualStudioVersion = 10.0.40219.1
Project("{FAE04EC0-301F-11D3-BF4B-00C04F79EFBC}") = "Work171022", "Work171022\Work171022.csproj", "{0177428B-A501-4F61-9CE6-4D5437AC823F}"
EndProject
Global
	GlobalSection(SolutionConfigurationPlatforms) = preSolution
		Debug|Any CPU = Debug|Any CPU
		Release|Any CPU = Release|Any CPU
	EndGlobalSection
	GlobalSection(ProjectConfigurationPlatforms) = postSolution
		{0177428B-A501-4F61-9CE6-4D5437AC823F}.Debug|Any CPU.ActiveCfg = Debug|Any CPU
		{0177428B-A501-4F61-9CE6-4D5437AC823F}.Debug|Any CPU.Build.0 = Debug|Any CPU
		{0177428B-A501-4F61-9CE6-4D5437AC823F}.Release|Any CPU.ActiveCfg = Release|Any CPU
		{0177428B-A501-4F61-9CE6-4D5437AC823F}.Release|Any CPU.Build.0 = Release|Any CPU
	EndGlobalSection
	GlobalSection(SolutionProperties) = preSolution
		HideSolutionNode = FALSE
	EndGlobalSection
	GlobalSection(ExtensibilityGlobals) = postSolution
		SolutionGuid = {E4F9E0A1-855E-43E6-BC3D-C92B17CE7D31}
	EndGlobalSection
EndGlobal
